// !$*UTF8*$!
{
	archiveVersion = 1;
	classes = {
	};
	objectVersion = 46;
	objects = {

/* Begin PBXBuildFile section */
		53AB85911C42EFA100D83036 /* main.m in Sources */ = {isa = PBXBuildFile; fileRef = 53AB85901C42EFA100D83036 /* main.m */; };
		53AB85941C42EFA100D83036 /* SCLAppDelegate.m in Sources */ = {isa = PBXBuildFile; fileRef = 53AB85931C42EFA100D83036 /* SCLAppDelegate.m */; };
		53AB85971C42EFA100D83036 /* SCLViewController.m in Sources */ = {isa = PBXBuildFile; fileRef = 53AB85961C42EFA100D83036 /* SCLViewController.m */; };
		53AB859A1C42EFA100D83036 /* Main.storyboard in Resources */ = {isa = PBXBuildFile; fileRef = 53AB85981C42EFA100D83036 /* Main.storyboard */; };
		53AB859C1C42EFA100D83036 /* Assets.xcassets in Resources */ = {isa = PBXBuildFile; fileRef = 53AB859B1C42EFA100D83036 /* Assets.xcassets */; };
		53AB859F1C42EFA100D83036 /* LaunchScreen.storyboard in Resources */ = {isa = PBXBuildFile; fileRef = 53AB859D1C42EFA100D83036 /* LaunchScreen.storyboard */; };
		53AB85AA1C42EFA100D83036 /* TableViewSimpleContactListTests.m in Sources */ = {isa = PBXBuildFile; fileRef = 53AB85A91C42EFA100D83036 /* TableViewSimpleContactListTests.m */; };
/* End PBXBuildFile section */

/* Begin PBXContainerItemProxy section */
		53AB85A61C42EFA100D83036 /* PBXContainerItemProxy */ = {
			isa = PBXContainerItemProxy;
			containerPortal = 53AB85841C42EFA100D83036 /* Project object */;
			proxyType = 1;
			remoteGlobalIDString = 53AB858B1C42EFA100D83036;
			remoteInfo = TableViewSimpleContactList;
		};
/* End PBXContainerItemProxy section */

/* Begin PBXFileReference section */
		53AB858C1C42EFA100D83036 /* TableViewSimpleContactList.app */ = {isa = PBXFileReference; explicitFileType = wrapper.application; includeInIndex = 0; path = TableViewSimpleContactList.app; sourceTree = BUILT_PRODUCTS_DIR; };
		53AB85901C42EFA100D83036 /* main.m */ = {isa = PBXFileReference; lastKnownFileType = sourcecode.c.objc; path = main.m; sourceTree = "<group>"; };
		53AB85921C42EFA100D83036 /* SCLAppDelegate.h */ = {isa = PBXFileReference; lastKnownFileType = sourcecode.c.h; path = SCLAppDelegate.h; sourceTree = "<group>"; };
		53AB85931C42EFA100D83036 /* SCLAppDelegate.m */ = {isa = PBXFileReference; lastKnownFileType = sourcecode.c.objc; path = SCLAppDelegate.m; sourceTree = "<group>"; };
		53AB85951C42EFA100D83036 /* SCLViewController.h */ = {isa = PBXFileReference; lastKnownFileType = sourcecode.c.h; name = SCLViewController.h; path = ../SCLViewController.h; sourceTree = "<group>"; };
		53AB85961C42EFA100D83036 /* SCLViewController.m */ = {isa = PBXFileReference; lastKnownFileType = sourcecode.c.objc; name = SCLViewController.m; path = ../SCLViewController.m; sourceTree = "<group>"; };
		53AB85991C42EFA100D83036 /* Base */ = {isa = PBXFileReference; lastKnownFileType = file.storyboard; name = Base; path = Base.lproj/Main.storyboard; sourceTree = "<group>"; };
		53AB859B1C42EFA100D83036 /* Assets.xcassets */ = {isa = PBXFileReference; lastKnownFileType = folder.assetcatalog; path = Assets.xcassets; sourceTree = "<group>"; };
		53AB859E1C42EFA100D83036 /* Base */ = {isa = PBXFileReference; lastKnownFileType = file.storyboard; name = Base; path = Base.lproj/LaunchScreen.storyboard; sourceTree = "<group>"; };
		53AB85A01C42EFA100D83036 /* Info.plist */ = {isa = PBXFileReference; lastKnownFileType = text.plist.xml; path = Info.plist; sourceTree = "<group>"; };
		53AB85A51C42EFA100D83036 /* TableViewSimpleContactListTests.xctest */ = {isa = PBXFileReference; explicitFileType = wrapper.cfbundle; includeInIndex = 0; path = TableViewSimpleContactListTests.xctest; sourceTree = BUILT_PRODUCTS_DIR; };
		53AB85A91C42EFA100D83036 /* TableViewSimpleContactListTests.m */ = {isa = PBXFileReference; lastKnownFileType = sourcecode.c.objc; path = TableViewSimpleContactListTests.m; sourceTree = "<group>"; };
		53AB85AB1C42EFA100D83036 /* Info.plist */ = {isa = PBXFileReference; lastKnownFileType = text.plist.xml; path = Info.plist; sourceTree = "<group>"; };
/* End PBXFileReference section */

/* Begin PBXFrameworksBuildPhase section */
		53AB85891C42EFA100D83036 /* Frameworks */ = {
			isa = PBXFrameworksBuildPhase;
			buildActionMask = 2147483647;
			files = (
			);
			runOnlyForDeploymentPostprocessing = 0;
		};
		53AB85A21C42EFA100D83036 /* Frameworks */ = {
			isa = PBXFrameworksBuildPhase;
			buildActionMask = 2147483647;
			files = (
			);
			runOnlyForDeploymentPostprocessing = 0;
		};
/* End PBXFrameworksBuildPhase section */

/* Begin PBXGroup section */
		53AB85831C42EFA100D83036 = {
			isa = PBXGroup;
			children = (
				53AB858E1C42EFA100D83036 /* TableViewSimpleContactList */,
				53AB85A81C42EFA100D83036 /* TableViewSimpleContactListTests */,
				53AB858D1C42EFA100D83036 /* Products */,
			);
			sourceTree = "<group>";
		};
		53AB858D1C42EFA100D83036 /* Products */ = {
			isa = PBXGroup;
			children = (
				53AB858C1C42EFA100D83036 /* TableViewSimpleContactList.app */,
				53AB85A51C42EFA100D83036 /* TableViewSimpleContactListTests.xctest */,
			);
			name = Products;
			sourceTree = "<group>";
		};
		53AB858E1C42EFA100D83036 /* TableViewSimpleContactList */ = {
			isa = PBXGroup;
			children = (
				53AB85B41C42EFAA00D83036 /* Controllers */,
				53AB85921C42EFA100D83036 /* SCLAppDelegate.h */,
				53AB85931C42EFA100D83036 /* SCLAppDelegate.m */,
				53AB85981C42EFA100D83036 /* Main.storyboard */,
				53AB859B1C42EFA100D83036 /* Assets.xcassets */,
				53AB859D1C42EFA100D83036 /* LaunchScreen.storyboard */,
				53AB85A01C42EFA100D83036 /* Info.plist */,
				53AB858F1C42EFA100D83036 /* Supporting Files */,
			);
			path = TableViewSimpleContactList;
			sourceTree = "<group>";
		};
		53AB858F1C42EFA100D83036 /* Supporting Files */ = {
			isa = PBXGroup;
			children = (
				53AB85901C42EFA100D83036 /* main.m */,
			);
			name = "Supporting Files";
			sourceTree = "<group>";
		};
		53AB85A81C42EFA100D83036 /* TableViewSimpleContactListTests */ = {
			isa = PBXGroup;
			children = (
				53AB85A91C42EFA100D83036 /* TableViewSimpleContactListTests.m */,
				53AB85AB1C42EFA100D83036 /* Info.plist */,
			);
			path = TableViewSimpleContactListTests;
			sourceTree = "<group>";
		};
		53AB85B41C42EFAA00D83036 /* Controllers */ = {
			isa = PBXGroup;
			children = (
				53AB85951C42EFA100D83036 /* SCLViewController.h */,
				53AB85961C42EFA100D83036 /* SCLViewController.m */,
			);
			path = Controllers;
			sourceTree = "<group>";
		};
/* End PBXGroup section */

/* Begin PBXNativeTarget section */
		53AB858B1C42EFA100D83036 /* TableViewSimpleContactList */ = {
			isa = PBXNativeTarget;
			buildConfigurationList = 53AB85AE1C42EFA100D83036 /* Build configuration list for PBXNativeTarget "TableViewSimpleContactList" */;
			buildPhases = (
				53AB85881C42EFA100D83036 /* Sources */,
				53AB85891C42EFA100D83036 /* Frameworks */,
				53AB858A1C42EFA100D83036 /* Resources */,
			);
			buildRules = (
			);
			dependencies = (
			);
			name = TableViewSimpleContactList;
			productName = TableViewSimpleContactList;
			productReference = 53AB858C1C42EFA100D83036 /* TableViewSimpleContactList.app */;
			productType = "com.apple.product-type.application";
		};
		53AB85A41C42EFA100D83036 /* TableViewSimpleContactListTests */ = {
			isa = PBXNativeTarget;
			buildConfigurationList = 53AB85B11C42EFA100D83036 /* Build configuration list for PBXNativeTarget "TableViewSimpleContactListTests" */;
			buildPhases = (
				53AB85A11C42EFA100D83036 /* Sources */,
				53AB85A21C42EFA100D83036 /* Frameworks */,
				53AB85A31C42EFA100D83036 /* Resources */,
			);
			buildRules = (
			);
			dependencies = (
				53AB85A71C42EFA100D83036 /* PBXTargetDependency */,
			);
			name = TableViewSimpleContactListTests;
			productName = TableViewSimpleContactListTests;
			productReference = 53AB85A51C42EFA100D83036 /* TableViewSimpleContactListTests.xctest */;
			productType = "com.apple.product-type.bundle.unit-test";
		};
/* End PBXNativeTarget section */

/* Begin PBXProject section */
		53AB85841C42EFA100D83036 /* Project object */ = {
			isa = PBXProject;
			attributes = {
				CLASSPREFIX = SCL;
				LastUpgradeCheck = 0720;
				ORGANIZATIONNAME = "Data Empire";
				TargetAttributes = {
					53AB858B1C42EFA100D83036 = {
						CreatedOnToolsVersion = 7.2;
						DevelopmentTeam = LQ5WW9469F;
					};
					53AB85A41C42EFA100D83036 = {
						CreatedOnToolsVersion = 7.2;
						DevelopmentTeam = LQ5WW9469F;
						TestTargetID = 53AB858B1C42EFA100D83036;
					};
				};
			};
			buildConfigurationList = 53AB85871C42EFA100D83036 /* Build configuration list for PBXProject "TableViewSimpleContactList" */;
			compatibilityVersion = "Xcode 3.2";
			developmentRegion = English;
			hasScannedForEncodings = 0;
			knownRegions = (
				en,
				Base,
			);
			mainGroup = 53AB85831C42EFA100D83036;
			productRefGroup = 53AB858D1C42EFA100D83036 /* Products */;
			projectDirPath = "";
			projectRoot = "";
			targets = (
				53AB858B1C42EFA100D83036 /* TableViewSimpleContactList */,
				53AB85A41C42EFA100D83036 /* TableViewSimpleContactListTests */,
			);
		};
/* End PBXProject section */

/* Begin PBXResourcesBuildPhase section */
		53AB858A1C42EFA100D83036 /* Resources */ = {
			isa = PBXResourcesBuildPhase;
			buildActionMask = 2147483647;
			files = (
				53AB859F1C42EFA100D83036 /* LaunchScreen.storyboard in Resources */,
				53AB859C1C42EFA100D83036 /* Assets.xcassets in Resources */,
				53AB859A1C42EFA100D83036 /* Main.storyboard in Resources */,
			);
			runOnlyForDeploymentPostprocessing = 0;
		};
		53AB85A31C42EFA100D83036 /* Resources */ = {
			isa = PBXResourcesBuildPhase;
			buildActionMask = 2147483647;
			files = (
			);
			runOnlyForDeploymentPostprocessing = 0;
		};
/* End PBXResourcesBuildPhase section */

/* Begin PBXSourcesBuildPhase section */
		53AB85881C42EFA100D83036 /* Sources */ = {
			isa = PBXSourcesBuildPhase;
			buildActionMask = 2147483647;
			files = (
				53AB85971C42EFA100D83036 /* SCLViewController.m in Sources */,
				53AB85941C42EFA100D83036 /* SCLAppDelegate.m in Sources */,
				53AB85911C42EFA100D83036 /* main.m in Sources */,
			);
			runOnlyForDeploymentPostprocessing = 0;
		};
		53AB85A11C42EFA100D83036 /* Sources */ = {
			isa = PBXSourcesBuildPhase;
			buildActionMask = 2147483647;
			files = (
				53AB85AA1C42EFA100D83036 /* TableViewSimpleContactListTests.m in Sources */,
			);
			runOnlyForDeploymentPostprocessing = 0;
		};
/* End PBXSourcesBuildPhase section */

/* Begin PBXTargetDependency section */
		53AB85A71C42EFA100D83036 /* PBXTargetDependency */ = {
			isa = PBXTargetDependency;
			target = 53AB858B1C42EFA100D83036 /* TableViewSimpleContactList */;
			targetProxy = 53AB85A61C42EFA100D83036 /* PBXContainerItemProxy */;
		};
/* End PBXTargetDependency section */

/* Begin PBXVariantGroup section */
		53AB85981C42EFA100D83036 /* Main.storyboard */ = {
			isa = PBXVariantGroup;
			children = (
				53AB85991C42EFA100D83036 /* Base */,
			);
			name = Main.storyboard;
			sourceTree = "<group>";
		};
		53AB859D1C42EFA100D83036 /* LaunchScreen.storyboard */ = {
			isa = PBXVariantGroup;
			children = (
				53AB859E1C42EFA100D83036 /* Base */,
			);
			name = LaunchScreen.storyboard;
			sourceTree = "<group>";
		};
/* End PBXVariantGroup section */

/* Begin XCBuildConfiguration section */
		53AB85AC1C42EFA100D83036 /* Debug */ = {
			isa = XCBuildConfiguration;
			buildSettings = {
				ALWAYS_SEARCH_USER_PATHS = NO;
				CLANG_CXX_LANGUAGE_STANDARD = "gnu++0x";
				CLANG_CXX_LIBRARY = "libc++";
				CLANG_ENABLE_MODULES = YES;
				CLANG_ENABLE_OBJC_ARC = YES;
				CLANG_WARN_BOOL_CONVERSION = YES;
				CLANG_WARN_CONSTANT_CONVERSION = YES;
				CLANG_WARN_DIRECT_OBJC_ISA_USAGE = YES_ERROR;
				CLANG_WARN_EMPTY_BODY = YES;
				CLANG_WARN_ENUM_CONVERSION = YES;
				CLANG_WARN_INT_CONVERSION = YES;
				CLANG_WARN_OBJC_ROOT_CLASS = YES_ERROR;
				CLANG_WARN_UNREACHABLE_CODE = YES;
				CLANG_WARN__DUPLICATE_METHOD_MATCH = YES;
				"CODE_SIGN_IDENTITY[sdk=iphoneos*]" = "iPhone Developer";
				COPY_PHASE_STRIP = NO;
				DEBUG_INFORMATION_FORMAT = dwarf;
				ENABLE_STRICT_OBJC_MSGSEND = YES;
				ENABLE_TESTABILITY = YES;
				GCC_C_LANGUAGE_STANDARD = gnu99;
				GCC_DYNAMIC_NO_PIC = NO;
				GCC_NO_COMMON_BLOCKS = YES;
				GCC_OPTIMIZATION_LEVEL = 0;
				GCC_PREPROCESSOR_DEFINITIONS = (
					"DEBUG=1",
					"$(inherited)",
				);
				GCC_WARN_64_TO_32_BIT_CONVERSION = YES;
				GCC_WARN_ABOUT_RETURN_TYPE = YES_ERROR;
				GCC_WARN_UNDECLARED_SELECTOR = YES;
				GCC_WARN_UNINITIALIZED_AUTOS = YES_AGGRESSIVE;
				GCC_WARN_UNUSED_FUNCTION = YES;
				GCC_WARN_UNUSED_VARIABLE = YES;
				IPHONEOS_DEPLOYMENT_TARGET = 9.2;
				MTL_ENABLE_DEBUG_INFO = YES;
				ONLY_ACTIVE_ARCH = YES;
				SDKROOT = iphoneos;
				TARGETED_DEVICE_FAMILY = "1,2";
			};
			name = Debug;
		};
		53AB85AD1C42EFA100D83036 /* Release */ = {
			isa = XCBuildConfiguration;
			buildSettings = {
				ALWAYS_SEARCH_USER_PATHS = NO;
				CLANG_CXX_LANGUAGE_STANDARD = "gnu++0x";
				CLANG_CXX_LIBRARY = "libc++";
				CLANG_ENABLE_MODULES = YES;
				CLANG_ENABLE_OBJC_ARC = YES;
				CLANG_WARN_BOOL_CONVERSION = YES;
				CLANG_WARN_CONSTANT_CONVERSION = YES;
				CLANG_WARN_DIRECT_OBJC_ISA_USAGE = YES_ERROR;
				CLANG_WARN_EMPTY_BODY = YES;
				CLANG_WARN_ENUM_CONVERSION = YES;
				CLANG_WARN_INT_CONVERSION = YES;
				CLANG_WARN_OBJC_ROOT_CLASS = YES_ERROR;
				CLANG_WARN_UNREACHABLE_CODE = YES;
				CLANG_WARN__DUPLICATE_METHOD_MATCH = YES;
				"CODE_SIGN_IDENTITY[sdk=iphoneos*]" = "iPhone Developer";
				COPY_PHASE_STRIP = NO;
				DEBUG_INFORMATION_FORMAT = "dwarf-with-dsym";
				ENABLE_NS_ASSERTIONS = NO;
				ENABLE_STRICT_OBJC_MSGSEND = YES;
				GCC_C_LANGUAGE_STANDARD = gnu99;
				GCC_NO_COMMON_BLOCKS = YES;
				GCC_WARN_64_TO_32_BIT_CONVERSION = YES;
				GCC_WARN_ABOUT_RETURN_TYPE = YES_ERROR;
				GCC_WARN_UNDECLARED_SELECTOR = YES;
				GCC_WARN_UNINITIALIZED_AUTOS = YES_AGGRESSIVE;
				GCC_WARN_UNUSED_FUNCTION = YES;
				GCC_WARN_UNUSED_VARIABLE = YES;
				IPHONEOS_DEPLOYMENT_TARGET = 9.2;
				MTL_ENABLE_DEBUG_INFO = NO;
				SDKROOT = iphoneos;
				TARGETED_DEVICE_FAMILY = "1,2";
				VALIDATE_PRODUCT = YES;
			};
			name = Release;
		};
		53AB85AF1C42EFA100D83036 /* Debug */ = {
			isa = XCBuildConfiguration;
			buildSettings = {
				ASSETCATALOG_COMPILER_APPICON_NAME = AppIcon;
				INFOPLIST_FILE = TableViewSimpleContactList/Info.plist;
				LD_RUNPATH_SEARCH_PATHS = "$(inherited) @executable_path/Frameworks";
				PRODUCT_BUNDLE_IDENTIFIER = "info.data-empire.TableViewSimpleContactList";
				PRODUCT_NAME = "$(TARGET_NAME)";
			};
			name = Debug;
		};
		53AB85B01C42EFA100D83036 /* Release */ = {
			isa = XCBuildConfiguration;
			buildSettings = {
				ASSETCATALOG_COMPILER_APPICON_NAME = AppIcon;
				INFOPLIST_FILE = TableViewSimpleContactList/Info.plist;
				LD_RUNPATH_SEARCH_PATHS = "$(inherited) @executable_path/Frameworks";
				PRODUCT_BUNDLE_IDENTIFIER = "info.data-empire.TableViewSimpleContactList";
				PRODUCT_NAME = "$(TARGET_NAME)";
			};
			name = Release;
		};
		53AB85B21C42EFA100D83036 /* Debug */ = {
			isa = XCBuildConfiguration;
			buildSettings = {
				BUNDLE_LOADER = "$(TEST_HOST)";
				INFOPLIST_FILE = TableViewSimpleContactListTests/Info.plist;
				LD_RUNPATH_SEARCH_PATHS = "$(inherited) @executable_path/Frameworks @loader_path/Frameworks";
				PRODUCT_BUNDLE_IDENTIFIER = "info.data-empire.TableViewSimpleContactListTests";
				PRODUCT_NAME = "$(TARGET_NAME)";
				TEST_HOST = "$(BUILT_PRODUCTS_DIR)/TableViewSimpleContactList.app/TableViewSimpleContactList";
			};
			name = Debug;
		};
		53AB85B31C42EFA100D83036 /* Release */ = {
			isa = XCBuildConfiguration;
			buildSettings = {
				BUNDLE_LOADER = "$(TEST_HOST)";
				INFOPLIST_FILE = TableViewSimpleContactListTests/Info.plist;
				LD_RUNPATH_SEARCH_PATHS = "$(inherited) @executable_path/Frameworks @loader_path/Frameworks";
				PRODUCT_BUNDLE_IDENTIFIER = "info.data-empire.TableViewSimpleContactListTests";
				PRODUCT_NAME = "$(TARGET_NAME)";
				TEST_HOST = "$(BUILT_PRODUCTS_DIR)/TableViewSimpleContactList.app/TableViewSimpleContactList";
			};
			name = Release;
		};
/* End XCBuildConfiguration section */

/* Begin XCConfigurationList section */
		53AB85871C42EFA100D83036 /* Build configuration list for PBXProject "TableViewSimpleContactList" */ = {
			isa = XCConfigurationList;
			buildConfigurations = (
				53AB85AC1C42EFA100D83036 /* Debug */,
				53AB85AD1C42EFA100D83036 /* Release */,
			);
			defaultConfigurationIsVisible = 0;
			defaultConfigurationName = Release;
		};
		53AB85AE1C42EFA100D83036 /* Build configuration list for PBXNativeTarget "TableViewSimpleContactList" */ = {
			isa = XCConfigurationList;
			buildConfigurations = (
				53AB85AF1C42EFA100D83036 /* Debug */,
				53AB85B01C42EFA100D83036 /* Release */,
			);
			defaultConfigurationIsVisible = 0;
		};
		53AB85B11C42EFA100D83036 /* Build configuration list for PBXNativeTarget "TableViewSimpleContactListTests" */ = {
			isa = XCConfigurationList;
			buildConfigurations = (
				53AB85B21C42EFA100D83036 /* Debug */,
				53AB85B31C42EFA100D83036 /* Release */,
			);
			defaultConfigurationIsVisible = 0;
		};
/* End XCConfigurationList section */
	};
	rootObject = 53AB85841C42EFA100D83036 /* Project object */;
}
